
Microsoft Visual Studio Solution File, Format Version 12.00
# Visual Studio Version 16
VisualStudioVersion = 16.0.31321.278
MinimumVisualStudioVersion = 10.0.40219.1
Project("{FAE04EC0-301F-11D3-BF4B-00C04F79EFBC}") = "BankRebootTimeService", "BankRebootTimeService\BankRebootTimeService.csproj", "{8E0BC8C5-32F3-4ADE-881E-488D3167C642}"
EndProject
Project("{54435603-DBB4-11D2-8724-00A0C9A8B90C}") = "Setup", "Setup\Setup.vdproj", "{21D62E27-244C-4B3B-88B1-919706AF2F9B}"
EndProject
Global
	GlobalSection(SolutionConfigurationPlatforms) = preSolution
		Debug|Any CPU = Debug|Any CPU
		Release|Any CPU = Release|Any CPU
	EndGlobalSection
	GlobalSection(ProjectConfigurationPlatforms) = postSolution
		{8E0BC8C5-32F3-4ADE-881E-488D3167C642}.Debug|Any CPU.ActiveCfg = Debug|Any CPU
		{8E0BC8C5-32F3-4ADE-881E-488D3167C642}.Debug|Any CPU.Build.0 = Debug|Any CPU
		{8E0BC8C5-32F3-4ADE-881E-488D3167C642}.Release|Any CPU.ActiveCfg = Release|Any CPU
		{8E0BC8C5-32F3-4ADE-881E-488D3167C642}.Release|Any CPU.Build.0 = Release|Any CPU
		{21D62E27-244C-4B3B-88B1-919706AF2F9B}.Debug|Any CPU.ActiveCfg = Debug
		{21D62E27-244C-4B3B-88B1-919706AF2F9B}.Release|Any CPU.ActiveCfg = Release
	EndGlobalSection
	GlobalSection(SolutionProperties) = preSolution
		HideSolutionNode = FALSE
	EndGlobalSection
	GlobalSection(ExtensibilityGlobals) = postSolution
		SolutionGuid = {02B89891-F5A0-4ADE-A1B6-47F37E83B18B}
	EndGlobalSection
EndGlobal
